{
  "name": "@flowingcode/google-map",
  "version": "3.8.1",
  "lockfileVersion": 2,
  "requires": true,
  "packages": {
    "": {
      "name": "@flowingcode/google-map",
      "version": "3.8.1",
      "license": "Apache-2.0",
      "dependencies": {
        "@flowingcode/google-apis": "^3.0.1",
        "@googlemaps/markerclusterer": "^2.0.8",
        "@polymer/iron-resizable-behavior": "^3.0.0-pre.1",
        "@polymer/iron-selector": "^3.0.0-pre.1",
        "@polymer/polymer": "^3.0.0"
      },
      "devDependencies": {
        "@webcomponents/webcomponentsjs": "^2.0.0"
      }
    },
    "node_modules/@flowingcode/google-apis": {
      "version": "3.0.1",
      "resolved": "https://registry.npmjs.org/@flowingcode/google-apis/-/google-apis-3.0.1.tgz",
      "integrity": "sha512-OKgMmT/M+bbdZJ6weCTulc9srQKMorXOmmjLTyBYkGib5QVolnFDaJC+ukyrz2t7bBEDOY03we1fLbWlvkKnXg==",
      "dependencies": {
        "@polymer/iron-jsonp-library": "^3.0.0-pre.1",
        "@polymer/polymer": "^3.0.0"
      }
    },
    "node_modules/@googlemaps/markerclusterer": {
      "version": "2.0.8",
      "resolved": "https://registry.npmjs.org/@googlemaps/markerclusterer/-/markerclusterer-2.0.8.tgz",
      "integrity": "sha512-l/Z3nxTE55iaWDB8NL/HpFdYht2x0khPaJI9pD7KDbfHeZaZyG8yT6xi2cZ0Lb2VvgKFb3OtNKRMpAuS4xm2rg==",
      "dependencies": {
        "fast-deep-equal": "^3.1.3",
        "supercluster": "^7.1.3"
      }
    },
    "node_modules/@polymer/iron-jsonp-library": {
      "version": "3.0.1",
      "resolved": "https://registry.npmjs.org/@polymer/iron-jsonp-library/-/iron-jsonp-library-3.0.1.tgz",
      "integrity": "sha512-JpIommURLt9DCqcaJaxsUiDWEaVWV2zoq12oJAMO65Do9Sl9TAv556bI7I4mLJcE40otPZ4wYap4kFViORMiKA==",
      "dependencies": {
        "@polymer/polymer": "^3.0.0"
      }
    },
    "node_modules/@polymer/iron-resizable-behavior": {
      "version": "3.0.1",
      "resolved": "https://registry.npmjs.org/@polymer/iron-resizable-behavior/-/iron-resizable-behavior-3.0.1.tgz",
      "integrity": "sha512-FyHxRxFspVoRaeZSWpT3y0C9awomb4tXXolIJcZ7RvXhMP632V5lez+ch5G5SwK0LpnAPkg35eB0LPMFv+YMMQ==",
      "dependencies": {
        "@polymer/polymer": "^3.0.0"
      }
    },
    "node_modules/@polymer/iron-selector": {
      "version": "3.0.1",
      "resolved": "https://registry.npmjs.org/@polymer/iron-selector/-/iron-selector-3.0.1.tgz",
      "integrity": "sha512-sBVk2uas6prW0glUe2xEJJYlvxmYzM40Au9OKbfDK2Qekou/fLKcBRyIYI39kuI8zWRaip8f3CI8qXcUHnKb1A==",
      "dependencies": {
        "@polymer/polymer": "^3.0.0"
      }
    },
    "node_modules/@polymer/polymer": {
      "version": "3.4.1",
      "resolved": "https://registry.npmjs.org/@polymer/polymer/-/polymer-3.4.1.tgz",
      "integrity": "sha512-KPWnhDZibtqKrUz7enIPOiO4ZQoJNOuLwqrhV2MXzIt3VVnUVJVG5ORz4Z2sgO+UZ+/UZnPD0jqY+jmw/+a9mQ==",
      "dependencies": {
        "@webcomponents/shadycss": "^1.9.1"
      }
    },
    "node_modules/@webcomponents/shadycss": {
      "version": "1.11.0",
      "resolved": "https://registry.npmjs.org/@webcomponents/shadycss/-/shadycss-1.11.0.tgz",
      "integrity": "sha512-L5O/+UPum8erOleNjKq6k58GVl3fNsEQdSOyh0EUhNmi7tHUyRuCJy1uqJiWydWcLARE5IPsMoPYMZmUGrz1JA=="
    },
    "node_modules/@webcomponents/webcomponentsjs": {
      "version": "2.6.0",
      "resolved": "https://registry.npmjs.org/@webcomponents/webcomponentsjs/-/webcomponentsjs-2.6.0.tgz",
      "integrity": "sha512-Moog+Smx3ORTbWwuPqoclr+uvfLnciVd6wdCaVscHPrxbmQ/IJKm3wbB7hpzJtXWjAq2l/6QMlO85aZiOdtv5Q==",
      "dev": true
    },
    "node_modules/fast-deep-equal": {
      "version": "3.1.3",
      "resolved": "https://registry.npmjs.org/fast-deep-equal/-/fast-deep-equal-3.1.3.tgz",
      "integrity": "sha512-f3qQ9oQy9j2AhBe/H9VC91wLmKBCCU/gDOnKNAYG5hswO7BLKj09Hc5HYNz9cGI++xlpDCIgDaitVs03ATR84Q=="
    },
    "node_modules/kdbush": {
      "version": "3.0.0",
      "resolved": "https://registry.npmjs.org/kdbush/-/kdbush-3.0.0.tgz",
      "integrity": "sha512-hRkd6/XW4HTsA9vjVpY9tuXJYLSlelnkTmVFu4M9/7MIYQtFcHpbugAU7UbOfjOiVSVYl2fqgBuJ32JUmRo5Ew=="
    },
    "node_modules/supercluster": {
      "version": "7.1.5",
      "resolved": "https://registry.npmjs.org/supercluster/-/supercluster-7.1.5.tgz",
      "integrity": "sha512-EulshI3pGUM66o6ZdH3ReiFcvHpM3vAigyK+vcxdjpJyEbIIrtbmBdY23mGgnI24uXiGFvrGq9Gkum/8U7vJWg==",
      "dependencies": {
        "kdbush": "^3.0.0"
      }
    }
  },
  "dependencies": {
    "@flowingcode/google-apis": {
      "version": "3.0.1",
      "resolved": "https://registry.npmjs.org/@flowingcode/google-apis/-/google-apis-3.0.1.tgz",
      "integrity": "sha512-OKgMmT/M+bbdZJ6weCTulc9srQKMorXOmmjLTyBYkGib5QVolnFDaJC+ukyrz2t7bBEDOY03we1fLbWlvkKnXg==",
      "requires": {
        "@polymer/iron-jsonp-library": "^3.0.0-pre.1",
        "@polymer/polymer": "^3.0.0"
      }
    },
    "@googlemaps/markerclusterer": {
      "version": "2.0.8",
      "resolved": "https://registry.npmjs.org/@googlemaps/markerclusterer/-/markerclusterer-2.0.8.tgz",
      "integrity": "sha512-l/Z3nxTE55iaWDB8NL/HpFdYht2x0khPaJI9pD7KDbfHeZaZyG8yT6xi2cZ0Lb2VvgKFb3OtNKRMpAuS4xm2rg==",
      "requires": {
        "fast-deep-equal": "^3.1.3",
        "supercluster": "^7.1.3"
      }
    },
    "@polymer/iron-jsonp-library": {
      "version": "3.0.1",
      "resolved": "https://registry.npmjs.org/@polymer/iron-jsonp-library/-/iron-jsonp-library-3.0.1.tgz",
      "integrity": "sha512-JpIommURLt9DCqcaJaxsUiDWEaVWV2zoq12oJAMO65Do9Sl9TAv556bI7I4mLJcE40otPZ4wYap4kFViORMiKA==",
      "requires": {
        "@polymer/polymer": "^3.0.0"
      }
    },
    "@polymer/iron-resizable-behavior": {
      "version": "3.0.1",
      "resolved": "https://registry.npmjs.org/@polymer/iron-resizable-behavior/-/iron-resizable-behavior-3.0.1.tgz",
      "integrity": "sha512-FyHxRxFspVoRaeZSWpT3y0C9awomb4tXXolIJcZ7RvXhMP632V5lez+ch5G5SwK0LpnAPkg35eB0LPMFv+YMMQ==",
      "requires": {
        "@polymer/polymer": "^3.0.0"
      }
    },
    "@polymer/iron-selector": {
      "version": "3.0.1",
      "resolved": "https://registry.npmjs.org/@polymer/iron-selector/-/iron-selector-3.0.1.tgz",
      "integrity": "sha512-sBVk2uas6prW0glUe2xEJJYlvxmYzM40Au9OKbfDK2Qekou/fLKcBRyIYI39kuI8zWRaip8f3CI8qXcUHnKb1A==",
      "requires": {
        "@polymer/polymer": "^3.0.0"
      }
    },
    "@polymer/polymer": {
      "version": "3.4.1",
      "resolved": "https://registry.npmjs.org/@polymer/polymer/-/polymer-3.4.1.tgz",
      "integrity": "sha512-KPWnhDZibtqKrUz7enIPOiO4ZQoJNOuLwqrhV2MXzIt3VVnUVJVG5ORz4Z2sgO+UZ+/UZnPD0jqY+jmw/+a9mQ==",
      "requires": {
        "@webcomponents/shadycss": "^1.9.1"
      }
    },
    "@webcomponents/shadycss": {
      "version": "1.11.0",
      "resolved": "https://registry.npmjs.org/@webcomponents/shadycss/-/shadycss-1.11.0.tgz",
      "integrity": "sha512-L5O/+UPum8erOleNjKq6k58GVl3fNsEQdSOyh0EUhNmi7tHUyRuCJy1uqJiWydWcLARE5IPsMoPYMZmUGrz1JA=="
    },
    "@webcomponents/webcomponentsjs": {
      "version": "2.6.0",
      "resolved": "https://registry.npmjs.org/@webcomponents/webcomponentsjs/-/webcomponentsjs-2.6.0.tgz",
      "integrity": "sha512-Moog+Smx3ORTbWwuPqoclr+uvfLnciVd6wdCaVscHPrxbmQ/IJKm3wbB7hpzJtXWjAq2l/6QMlO85aZiOdtv5Q==",
      "dev": true
    },
    "fast-deep-equal": {
      "version": "3.1.3",
      "resolved": "https://registry.npmjs.org/fast-deep-equal/-/fast-deep-equal-3.1.3.tgz",
      "integrity": "sha512-f3qQ9oQy9j2AhBe/H9VC91wLmKBCCU/gDOnKNAYG5hswO7BLKj09Hc5HYNz9cGI++xlpDCIgDaitVs03ATR84Q=="
    },
    "kdbush": {
      "version": "3.0.0",
      "resolved": "https://registry.npmjs.org/kdbush/-/kdbush-3.0.0.tgz",
      "integrity": "sha512-hRkd6/XW4HTsA9vjVpY9tuXJYLSlelnkTmVFu4M9/7MIYQtFcHpbugAU7UbOfjOiVSVYl2fqgBuJ32JUmRo5Ew=="
    },
    "supercluster": {
      "version": "7.1.5",
      "resolved": "https://registry.npmjs.org/supercluster/-/supercluster-7.1.5.tgz",
      "integrity": "sha512-EulshI3pGUM66o6ZdH3ReiFcvHpM3vAigyK+vcxdjpJyEbIIrtbmBdY23mGgnI24uXiGFvrGq9Gkum/8U7vJWg==",
      "requires": {
        "kdbush": "^3.0.0"
      }
    }
  }
}
